
Microsoft Visual Studio Solution File, Format Version 12.00
# Visual Studio 15
VisualStudioVersion = 15.0.27703.2042
MinimumVisualStudioVersion = 10.0.40219.1
Project("{9A19103F-16F7-4668-BE54-9A1E7A4F7556}") = "LogMonitor.Api", "LogMonitor.Api\LogMonitor.Api.csproj", "{9CB17847-FE08-4DA8-AF86-E2BC9EDC1C8A}"
EndProject
Project("{FAE04EC0-301F-11D3-BF4B-00C04F79EFBC}") = "ARD.ESProvider", "ARD.ESProvider\ARD.ESProvider.csproj", "{C6DC2944-A157-477B-AF5B-F8B7A5548849}"
EndProject
Global
	GlobalSection(SolutionConfigurationPlatforms) = preSolution
		Debug|Any CPU = Debug|Any CPU
		Release|Any CPU = Release|Any CPU
	EndGlobalSection
	GlobalSection(ProjectConfigurationPlatforms) = postSolution
		{9CB17847-FE08-4DA8-AF86-E2BC9EDC1C8A}.Debug|Any CPU.ActiveCfg = Debug|Any CPU
		{9CB17847-FE08-4DA8-AF86-E2BC9EDC1C8A}.Debug|Any CPU.Build.0 = Debug|Any CPU
		{9CB17847-FE08-4DA8-AF86-E2BC9EDC1C8A}.Release|Any CPU.ActiveCfg = Release|Any CPU
		{9CB17847-FE08-4DA8-AF86-E2BC9EDC1C8A}.Release|Any CPU.Build.0 = Release|Any CPU
		{C6DC2944-A157-477B-AF5B-F8B7A5548849}.Debug|Any CPU.ActiveCfg = Debug|Any CPU
		{C6DC2944-A157-477B-AF5B-F8B7A5548849}.Debug|Any CPU.Build.0 = Debug|Any CPU
		{C6DC2944-A157-477B-AF5B-F8B7A5548849}.Release|Any CPU.ActiveCfg = Release|Any CPU
		{C6DC2944-A157-477B-AF5B-F8B7A5548849}.Release|Any CPU.Build.0 = Release|Any CPU
	EndGlobalSection
	GlobalSection(SolutionProperties) = preSolution
		HideSolutionNode = FALSE
	EndGlobalSection
	GlobalSection(ExtensibilityGlobals) = postSolution
		SolutionGuid = {BB7CCCBC-BBB3-4084-8849-C4386832BEF1}
	EndGlobalSection
EndGlobal
